// !$*UTF8*$!
{
	archiveVersion = 1;
	classes = {
	};
	objectVersion = 46;
	objects = {

/* Begin PBXBuildFile section */
		456CA4411621AC8500A7564F /* UIKit.framework in Frameworks */ = {isa = PBXBuildFile; fileRef = 456CA4401621AC8500A7564F /* UIKit.framework */; };
		456CA4431621AC8500A7564F /* Foundation.framework in Frameworks */ = {isa = PBXBuildFile; fileRef = 456CA4421621AC8500A7564F /* Foundation.framework */; };
		456CA4451621AC8500A7564F /* CoreGraphics.framework in Frameworks */ = {isa = PBXBuildFile; fileRef = 456CA4441621AC8500A7564F /* CoreGraphics.framework */; };
		456CA44B1621AC8500A7564F /* InfoPlist.strings in Resources */ = {isa = PBXBuildFile; fileRef = 456CA4491621AC8500A7564F /* InfoPlist.strings */; };
		456CA44D1621AC8500A7564F /* main.m in Sources */ = {isa = PBXBuildFile; fileRef = 456CA44C1621AC8500A7564F /* main.m */; };
		456CA4511621AC8500A7564F /* AppDelegate.m in Sources */ = {isa = PBXBuildFile; fileRef = 456CA4501621AC8500A7564F /* AppDelegate.m */; };
		456CA4531621AC8500A7564F /* Default.png in Resources */ = {isa = PBXBuildFile; fileRef = 456CA4521621AC8500A7564F /* Default.png */; };
		456CA4551621AC8500A7564F /* Default@2x.png in Resources */ = {isa = PBXBuildFile; fileRef = 456CA4541621AC8500A7564F /* Default@2x.png */; };
		456CA4571621AC8500A7564F /* Default-568h@2x.png in Resources */ = {isa = PBXBuildFile; fileRef = 456CA4561621AC8500A7564F /* Default-568h@2x.png */; };
		456CA45A1621AC8500A7564F /* MainStoryboard_iPhone.storyboard in Resources */ = {isa = PBXBuildFile; fileRef = 456CA4581621AC8500A7564F /* MainStoryboard_iPhone.storyboard */; };
		456CA45D1621AC8500A7564F /* MainStoryboard_iPad.storyboard in Resources */ = {isa = PBXBuildFile; fileRef = 456CA45B1621AC8500A7564F /* MainStoryboard_iPad.storyboard */; };
		456CA4601621AC8500A7564F /* ViewController.m in Sources */ = {isa = PBXBuildFile; fileRef = 456CA45F1621AC8500A7564F /* ViewController.m */; };
		45A15B4F162C4B6B000D92B7 /* TapFilter.m in Sources */ = {isa = PBXBuildFile; fileRef = 45A15B4E162C4B6B000D92B7 /* TapFilter.m */; };
		45A15B53162C55B7000D92B7 /* GraphView.m in Sources */ = {isa = PBXBuildFile; fileRef = 45A15B52162C55B7000D92B7 /* GraphView.m */; };
		45A15B55162C593B000D92B7 /* QuartzCore.framework in Frameworks */ = {isa = PBXBuildFile; fileRef = 45A15B54162C593B000D92B7 /* QuartzCore.framework */; };
/* End PBXBuildFile section */

/* Begin PBXFileReference section */
		456CA43C1621AC8500A7564F /* taptest.app */ = {isa = PBXFileReference; explicitFileType = wrapper.application; includeInIndex = 0; path = taptest.app; sourceTree = BUILT_PRODUCTS_DIR; };
		456CA4401621AC8500A7564F /* UIKit.framework */ = {isa = PBXFileReference; lastKnownFileType = wrapper.framework; name = UIKit.framework; path = System/Library/Frameworks/UIKit.framework; sourceTree = SDKROOT; };
		456CA4421621AC8500A7564F /* Foundation.framework */ = {isa = PBXFileReference; lastKnownFileType = wrapper.framework; name = Foundation.framework; path = System/Library/Frameworks/Foundation.framework; sourceTree = SDKROOT; };
		456CA4441621AC8500A7564F /* CoreGraphics.framework */ = {isa = PBXFileReference; lastKnownFileType = wrapper.framework; name = CoreGraphics.framework; path = System/Library/Frameworks/CoreGraphics.framework; sourceTree = SDKROOT; };
		456CA4481621AC8500A7564F /* taptest-Info.plist */ = {isa = PBXFileReference; lastKnownFileType = text.plist.xml; path = "taptest-Info.plist"; sourceTree = "<group>"; };
		456CA44A1621AC8500A7564F /* en */ = {isa = PBXFileReference; lastKnownFileType = text.plist.strings; name = en; path = en.lproj/InfoPlist.strings; sourceTree = "<group>"; };
		456CA44C1621AC8500A7564F /* main.m */ = {isa = PBXFileReference; lastKnownFileType = sourcecode.c.objc; path = main.m; sourceTree = "<group>"; };
		456CA44E1621AC8500A7564F /* taptest-Prefix.pch */ = {isa = PBXFileReference; lastKnownFileType = sourcecode.c.h; path = "taptest-Prefix.pch"; sourceTree = "<group>"; };
		456CA44F1621AC8500A7564F /* AppDelegate.h */ = {isa = PBXFileReference; lastKnownFileType = sourcecode.c.h; path = AppDelegate.h; sourceTree = "<group>"; };
		456CA4501621AC8500A7564F /* AppDelegate.m */ = {isa = PBXFileReference; lastKnownFileType = sourcecode.c.objc; path = AppDelegate.m; sourceTree = "<group>"; };
		456CA4521621AC8500A7564F /* Default.png */ = {isa = PBXFileReference; lastKnownFileType = image.png; path = Default.png; sourceTree = "<group>"; };
		456CA4541621AC8500A7564F /* Default@2x.png */ = {isa = PBXFileReference; lastKnownFileType = image.png; path = "Default@2x.png"; sourceTree = "<group>"; };
		456CA4561621AC8500A7564F /* Default-568h@2x.png */ = {isa = PBXFileReference; lastKnownFileType = image.png; path = "Default-568h@2x.png"; sourceTree = "<group>"; };
		456CA4591621AC8500A7564F /* en */ = {isa = PBXFileReference; lastKnownFileType = file.storyboard; name = en; path = en.lproj/MainStoryboard_iPhone.storyboard; sourceTree = "<group>"; };
		456CA45C1621AC8500A7564F /* en */ = {isa = PBXFileReference; lastKnownFileType = file.storyboard; name = en; path = en.lproj/MainStoryboard_iPad.storyboard; sourceTree = "<group>"; };
		456CA45E1621AC8500A7564F /* ViewController.h */ = {isa = PBXFileReference; lastKnownFileType = sourcecode.c.h; path = ViewController.h; sourceTree = "<group>"; };
		456CA45F1621AC8500A7564F /* ViewController.m */ = {isa = PBXFileReference; lastKnownFileType = sourcecode.c.objc; path = ViewController.m; sourceTree = "<group>"; };
		45A15B4D162C4B6B000D92B7 /* TapFilter.h */ = {isa = PBXFileReference; fileEncoding = 4; lastKnownFileType = sourcecode.c.h; path = TapFilter.h; sourceTree = "<group>"; };
		45A15B4E162C4B6B000D92B7 /* TapFilter.m */ = {isa = PBXFileReference; fileEncoding = 4; lastKnownFileType = sourcecode.c.objc; path = TapFilter.m; sourceTree = "<group>"; };
		45A15B51162C55B7000D92B7 /* GraphView.h */ = {isa = PBXFileReference; fileEncoding = 4; lastKnownFileType = sourcecode.c.h; path = GraphView.h; sourceTree = "<group>"; };
		45A15B52162C55B7000D92B7 /* GraphView.m */ = {isa = PBXFileReference; fileEncoding = 4; lastKnownFileType = sourcecode.c.objc; path = GraphView.m; sourceTree = "<group>"; };
		45A15B54162C593B000D92B7 /* QuartzCore.framework */ = {isa = PBXFileReference; lastKnownFileType = wrapper.framework; name = QuartzCore.framework; path = System/Library/Frameworks/QuartzCore.framework; sourceTree = SDKROOT; };
		45A15B56162C5ECC000D92B7 /* Icon-72.png */ = {isa = PBXFileReference; lastKnownFileType = image.png; path = "Icon-72.png"; sourceTree = "<group>"; };
		45A15B57162C5ECC000D92B7 /* Icon-Small-50.png */ = {isa = PBXFileReference; lastKnownFileType = image.png; path = "Icon-Small-50.png"; sourceTree = "<group>"; };
		45A15B58162C5ECC000D92B7 /* Icon-Small.png */ = {isa = PBXFileReference; lastKnownFileType = image.png; path = "Icon-Small.png"; sourceTree = "<group>"; };
		45A15B59162C5ECC000D92B7 /* Icon-Small@2x.png */ = {isa = PBXFileReference; lastKnownFileType = image.png; path = "Icon-Small@2x.png"; sourceTree = "<group>"; };
		45A15B5A162C5ECC000D92B7 /* Icon.png */ = {isa = PBXFileReference; lastKnownFileType = image.png; path = Icon.png; sourceTree = "<group>"; };
		45A15B5B162C5ECC000D92B7 /* Icon@2x.png */ = {isa = PBXFileReference; lastKnownFileType = image.png; path = "Icon@2x.png"; sourceTree = "<group>"; };
		45A15B5C162C5ECC000D92B7 /* iTunesArtwork */ = {isa = PBXFileReference; lastKnownFileType = file; path = iTunesArtwork; sourceTree = "<group>"; };
/* End PBXFileReference section */

/* Begin PBXFrameworksBuildPhase section */
		456CA4391621AC8500A7564F /* Frameworks */ = {
			isa = PBXFrameworksBuildPhase;
			buildActionMask = 2147483647;
			files = (
				45A15B55162C593B000D92B7 /* QuartzCore.framework in Frameworks */,
				456CA4411621AC8500A7564F /* UIKit.framework in Frameworks */,
				456CA4431621AC8500A7564F /* Foundation.framework in Frameworks */,
				456CA4451621AC8500A7564F /* CoreGraphics.framework in Frameworks */,
			);
			runOnlyForDeploymentPostprocessing = 0;
		};
/* End PBXFrameworksBuildPhase section */

/* Begin PBXGroup section */
		456CA4311621AC8500A7564F = {
			isa = PBXGroup;
			children = (
				45A15B54162C593B000D92B7 /* QuartzCore.framework */,
				456CA4461621AC8500A7564F /* taptest */,
				456CA43F1621AC8500A7564F /* Frameworks */,
				456CA43D1621AC8500A7564F /* Products */,
			);
			sourceTree = "<group>";
		};
		456CA43D1621AC8500A7564F /* Products */ = {
			isa = PBXGroup;
			children = (
				456CA43C1621AC8500A7564F /* taptest.app */,
			);
			name = Products;
			sourceTree = "<group>";
		};
		456CA43F1621AC8500A7564F /* Frameworks */ = {
			isa = PBXGroup;
			children = (
				456CA4401621AC8500A7564F /* UIKit.framework */,
				456CA4421621AC8500A7564F /* Foundation.framework */,
				456CA4441621AC8500A7564F /* CoreGraphics.framework */,
			);
			name = Frameworks;
			sourceTree = "<group>";
		};
		456CA4461621AC8500A7564F /* taptest */ = {
			isa = PBXGroup;
			children = (
				45A15B51162C55B7000D92B7 /* GraphView.h */,
				45A15B52162C55B7000D92B7 /* GraphView.m */,
				45A15B4D162C4B6B000D92B7 /* TapFilter.h */,
				45A15B4E162C4B6B000D92B7 /* TapFilter.m */,
				456CA44F1621AC8500A7564F /* AppDelegate.h */,
				456CA4501621AC8500A7564F /* AppDelegate.m */,
				456CA4581621AC8500A7564F /* MainStoryboard_iPhone.storyboard */,
				456CA45B1621AC8500A7564F /* MainStoryboard_iPad.storyboard */,
				456CA45E1621AC8500A7564F /* ViewController.h */,
				456CA45F1621AC8500A7564F /* ViewController.m */,
				456CA4471621AC8500A7564F /* Supporting Files */,
			);
			path = taptest;
			sourceTree = "<group>";
		};
		456CA4471621AC8500A7564F /* Supporting Files */ = {
			isa = PBXGroup;
			children = (
				45A15B56162C5ECC000D92B7 /* Icon-72.png */,
				45A15B57162C5ECC000D92B7 /* Icon-Small-50.png */,
				45A15B58162C5ECC000D92B7 /* Icon-Small.png */,
				45A15B59162C5ECC000D92B7 /* Icon-Small@2x.png */,
				45A15B5A162C5ECC000D92B7 /* Icon.png */,
				45A15B5B162C5ECC000D92B7 /* Icon@2x.png */,
				45A15B5C162C5ECC000D92B7 /* iTunesArtwork */,
				456CA4481621AC8500A7564F /* taptest-Info.plist */,
				456CA4491621AC8500A7564F /* InfoPlist.strings */,
				456CA44C1621AC8500A7564F /* main.m */,
				456CA44E1621AC8500A7564F /* taptest-Prefix.pch */,
				456CA4521621AC8500A7564F /* Default.png */,
				456CA4541621AC8500A7564F /* Default@2x.png */,
				456CA4561621AC8500A7564F /* Default-568h@2x.png */,
			);
			name = "Supporting Files";
			sourceTree = "<group>";
		};
/* End PBXGroup section */

/* Begin PBXNativeTarget section */
		456CA43B1621AC8500A7564F /* taptest */ = {
			isa = PBXNativeTarget;
			buildConfigurationList = 456CA4631621AC8500A7564F /* Build configuration list for PBXNativeTarget "taptest" */;
			buildPhases = (
				456CA4381621AC8500A7564F /* Sources */,
				456CA4391621AC8500A7564F /* Frameworks */,
				456CA43A1621AC8500A7564F /* Resources */,
			);
			buildRules = (
			);
			dependencies = (
			);
			name = taptest;
			productName = taptest;
			productReference = 456CA43C1621AC8500A7564F /* taptest.app */;
			productType = "com.apple.product-type.application";
		};
/* End PBXNativeTarget section */

/* Begin PBXProject section */
		456CA4331621AC8500A7564F /* Project object */ = {
			isa = PBXProject;
			attributes = {
				LastUpgradeCheck = 0450;
				ORGANIZATIONNAME = "Tom Elliott";
			};
			buildConfigurationList = 456CA4361621AC8500A7564F /* Build configuration list for PBXProject "taptest" */;
			compatibilityVersion = "Xcode 3.2";
			developmentRegion = English;
			hasScannedForEncodings = 0;
			knownRegions = (
				en,
			);
			mainGroup = 456CA4311621AC8500A7564F;
			productRefGroup = 456CA43D1621AC8500A7564F /* Products */;
			projectDirPath = "";
			projectRoot = "";
			targets = (
				456CA43B1621AC8500A7564F /* taptest */,
			);
		};
/* End PBXProject section */

/* Begin PBXResourcesBuildPhase section */
		456CA43A1621AC8500A7564F /* Resources */ = {
			isa = PBXResourcesBuildPhase;
			buildActionMask = 2147483647;
			files = (
				456CA44B1621AC8500A7564F /* InfoPlist.strings in Resources */,
				456CA4531621AC8500A7564F /* Default.png in Resources */,
				456CA4551621AC8500A7564F /* Default@2x.png in Resources */,
				456CA4571621AC8500A7564F /* Default-568h@2x.png in Resources */,
				456CA45A1621AC8500A7564F /* MainStoryboard_iPhone.storyboard in Resources */,
				456CA45D1621AC8500A7564F /* MainStoryboard_iPad.storyboard in Resources */,
			);
			runOnlyForDeploymentPostprocessing = 0;
		};
/* End PBXResourcesBuildPhase section */

/* Begin PBXSourcesBuildPhase section */
		456CA4381621AC8500A7564F /* Sources */ = {
			isa = PBXSourcesBuildPhase;
			buildActionMask = 2147483647;
			files = (
				456CA44D1621AC8500A7564F /* main.m in Sources */,
				456CA4511621AC8500A7564F /* AppDelegate.m in Sources */,
				456CA4601621AC8500A7564F /* ViewController.m in Sources */,
				45A15B4F162C4B6B000D92B7 /* TapFilter.m in Sources */,
				45A15B53162C55B7000D92B7 /* GraphView.m in Sources */,
			);
			runOnlyForDeploymentPostprocessing = 0;
		};
/* End PBXSourcesBuildPhase section */

/* Begin PBXVariantGroup section */
		456CA4491621AC8500A7564F /* InfoPlist.strings */ = {
			isa = PBXVariantGroup;
			children = (
				456CA44A1621AC8500A7564F /* en */,
			);
			name = InfoPlist.strings;
			sourceTree = "<group>";
		};
		456CA4581621AC8500A7564F /* MainStoryboard_iPhone.storyboard */ = {
			isa = PBXVariantGroup;
			children = (
				456CA4591621AC8500A7564F /* en */,
			);
			name = MainStoryboard_iPhone.storyboard;
			sourceTree = "<group>";
		};
		456CA45B1621AC8500A7564F /* MainStoryboard_iPad.storyboard */ = {
			isa = PBXVariantGroup;
			children = (
				456CA45C1621AC8500A7564F /* en */,
			);
			name = MainStoryboard_iPad.storyboard;
			sourceTree = "<group>";
		};
/* End PBXVariantGroup section */

/* Begin XCBuildConfiguration section */
		456CA4611621AC8500A7564F /* Debug */ = {
			isa = XCBuildConfiguration;
			buildSettings = {
				ALWAYS_SEARCH_USER_PATHS = NO;
				CLANG_CXX_LANGUAGE_STANDARD = "gnu++0x";
				CLANG_CXX_LIBRARY = "libc++";
				CLANG_ENABLE_OBJC_ARC = YES;
				CLANG_WARN_EMPTY_BODY = YES;
				CLANG_WARN__DUPLICATE_METHOD_MATCH = YES;
				"CODE_SIGN_IDENTITY[sdk=iphoneos*]" = "iPhone Developer";
				COPY_PHASE_STRIP = NO;
				GCC_C_LANGUAGE_STANDARD = gnu99;
				GCC_DYNAMIC_NO_PIC = NO;
				GCC_OPTIMIZATION_LEVEL = 0;
				GCC_PREPROCESSOR_DEFINITIONS = (
					"DEBUG=1",
					"$(inherited)",
				);
				GCC_SYMBOLS_PRIVATE_EXTERN = NO;
				GCC_WARN_ABOUT_RETURN_TYPE = YES;
				GCC_WARN_UNINITIALIZED_AUTOS = YES;
				GCC_WARN_UNUSED_VARIABLE = YES;
				IPHONEOS_DEPLOYMENT_TARGET = 6.0;
				SDKROOT = iphoneos;
				TARGETED_DEVICE_FAMILY = "1,2";
			};
			name = Debug;
		};
		456CA4621621AC8500A7564F /* Release */ = {
			isa = XCBuildConfiguration;
			buildSettings = {
				ALWAYS_SEARCH_USER_PATHS = NO;
				CLANG_CXX_LANGUAGE_STANDARD = "gnu++0x";
				CLANG_CXX_LIBRARY = "libc++";
				CLANG_ENABLE_OBJC_ARC = YES;
				CLANG_WARN_EMPTY_BODY = YES;
				CLANG_WARN__DUPLICATE_METHOD_MATCH = YES;
				"CODE_SIGN_IDENTITY[sdk=iphoneos*]" = "iPhone Developer";
				COPY_PHASE_STRIP = YES;
				GCC_C_LANGUAGE_STANDARD = gnu99;
				GCC_WARN_ABOUT_RETURN_TYPE = YES;
				GCC_WARN_UNINITIALIZED_AUTOS = YES;
				GCC_WARN_UNUSED_VARIABLE = YES;
				IPHONEOS_DEPLOYMENT_TARGET = 6.0;
				OTHER_CFLAGS = "-DNS_BLOCK_ASSERTIONS=1";
				SDKROOT = iphoneos;
				TARGETED_DEVICE_FAMILY = "1,2";
				VALIDATE_PRODUCT = YES;
			};
			name = Release;
		};
		456CA4641621AC8500A7564F /* Debug */ = {
			isa = XCBuildConfiguration;
			buildSettings = {
				GCC_PRECOMPILE_PREFIX_HEADER = YES;
				GCC_PREFIX_HEADER = "taptest/taptest-Prefix.pch";
				INFOPLIST_FILE = "taptest/taptest-Info.plist";
				PRODUCT_NAME = "$(TARGET_NAME)";
				WRAPPER_EXTENSION = app;
			};
			name = Debug;
		};
		456CA4651621AC8500A7564F /* Release */ = {
			isa = XCBuildConfiguration;
			buildSettings = {
				GCC_PRECOMPILE_PREFIX_HEADER = YES;
				GCC_PREFIX_HEADER = "taptest/taptest-Prefix.pch";
				INFOPLIST_FILE = "taptest/taptest-Info.plist";
				PRODUCT_NAME = "$(TARGET_NAME)";
				WRAPPER_EXTENSION = app;
			};
			name = Release;
		};
/* End XCBuildConfiguration section */

/* Begin XCConfigurationList section */
		456CA4361621AC8500A7564F /* Build configuration list for PBXProject "taptest" */ = {
			isa = XCConfigurationList;
			buildConfigurations = (
				456CA4611621AC8500A7564F /* Debug */,
				456CA4621621AC8500A7564F /* Release */,
			);
			defaultConfigurationIsVisible = 0;
			defaultConfigurationName = Release;
		};
		456CA4631621AC8500A7564F /* Build configuration list for PBXNativeTarget "taptest" */ = {
			isa = XCConfigurationList;
			buildConfigurations = (
				456CA4641621AC8500A7564F /* Debug */,
				456CA4651621AC8500A7564F /* Release */,
			);
			defaultConfigurationIsVisible = 0;
			defaultConfigurationName = Release;
		};
/* End XCConfigurationList section */
	};
	rootObject = 456CA4331621AC8500A7564F /* Project object */;
}
