// !$*UTF8*$!
{
	archiveVersion = 1;
	classes = {
	};
	objectVersion = 46;
	objects = {

/* Begin PBXBuildFile section */
		45C1A0E517F4E7B4007FB884 /* Foundation.framework in Frameworks */ = {isa = PBXBuildFile; fileRef = 45C1A0E417F4E7B4007FB884 /* Foundation.framework */; };
		45C1A0E717F4E7B4007FB884 /* CoreGraphics.framework in Frameworks */ = {isa = PBXBuildFile; fileRef = 45C1A0E617F4E7B4007FB884 /* CoreGraphics.framework */; };
		45C1A0E917F4E7B4007FB884 /* UIKit.framework in Frameworks */ = {isa = PBXBuildFile; fileRef = 45C1A0E817F4E7B4007FB884 /* UIKit.framework */; };
		45C1A0EF17F4E7B4007FB884 /* InfoPlist.strings in Resources */ = {isa = PBXBuildFile; fileRef = 45C1A0ED17F4E7B4007FB884 /* InfoPlist.strings */; };
		45C1A0F117F4E7B4007FB884 /* main.m in Sources */ = {isa = PBXBuildFile; fileRef = 45C1A0F017F4E7B4007FB884 /* main.m */; };
		45C1A0F517F4E7B4007FB884 /* BSAppDelegate.m in Sources */ = {isa = PBXBuildFile; fileRef = 45C1A0F417F4E7B4007FB884 /* BSAppDelegate.m */; };
		45C1A0F817F4E7B4007FB884 /* Main.storyboard in Resources */ = {isa = PBXBuildFile; fileRef = 45C1A0F617F4E7B4007FB884 /* Main.storyboard */; };
		45C1A0FB17F4E7B4007FB884 /* BSViewController.m in Sources */ = {isa = PBXBuildFile; fileRef = 45C1A0FA17F4E7B4007FB884 /* BSViewController.m */; };
		45C1A0FD17F4E7B4007FB884 /* Images.xcassets in Resources */ = {isa = PBXBuildFile; fileRef = 45C1A0FC17F4E7B4007FB884 /* Images.xcassets */; };
		45C1A10417F4E7B4007FB884 /* XCTest.framework in Frameworks */ = {isa = PBXBuildFile; fileRef = 45C1A10317F4E7B4007FB884 /* XCTest.framework */; };
		45C1A10517F4E7B4007FB884 /* Foundation.framework in Frameworks */ = {isa = PBXBuildFile; fileRef = 45C1A0E417F4E7B4007FB884 /* Foundation.framework */; };
		45C1A10617F4E7B4007FB884 /* UIKit.framework in Frameworks */ = {isa = PBXBuildFile; fileRef = 45C1A0E817F4E7B4007FB884 /* UIKit.framework */; };
		45C1A10E17F4E7B4007FB884 /* InfoPlist.strings in Resources */ = {isa = PBXBuildFile; fileRef = 45C1A10C17F4E7B4007FB884 /* InfoPlist.strings */; };
		45C1A11017F4E7B4007FB884 /* BeaconScrachTests.m in Sources */ = {isa = PBXBuildFile; fileRef = 45C1A10F17F4E7B4007FB884 /* BeaconScrachTests.m */; };
		45C1A11A17F4EA52007FB884 /* CoreLocation.framework in Frameworks */ = {isa = PBXBuildFile; fileRef = 45C1A11917F4EA52007FB884 /* CoreLocation.framework */; };
/* End PBXBuildFile section */

/* Begin PBXContainerItemProxy section */
		45C1A10717F4E7B4007FB884 /* PBXContainerItemProxy */ = {
			isa = PBXContainerItemProxy;
			containerPortal = 45C1A0D917F4E7B4007FB884 /* Project object */;
			proxyType = 1;
			remoteGlobalIDString = 45C1A0E017F4E7B4007FB884;
			remoteInfo = BeaconScrach;
		};
/* End PBXContainerItemProxy section */

/* Begin PBXFileReference section */
		45C1A0E117F4E7B4007FB884 /* BeaconScrach.app */ = {isa = PBXFileReference; explicitFileType = wrapper.application; includeInIndex = 0; path = BeaconScrach.app; sourceTree = BUILT_PRODUCTS_DIR; };
		45C1A0E417F4E7B4007FB884 /* Foundation.framework */ = {isa = PBXFileReference; lastKnownFileType = wrapper.framework; name = Foundation.framework; path = System/Library/Frameworks/Foundation.framework; sourceTree = SDKROOT; };
		45C1A0E617F4E7B4007FB884 /* CoreGraphics.framework */ = {isa = PBXFileReference; lastKnownFileType = wrapper.framework; name = CoreGraphics.framework; path = System/Library/Frameworks/CoreGraphics.framework; sourceTree = SDKROOT; };
		45C1A0E817F4E7B4007FB884 /* UIKit.framework */ = {isa = PBXFileReference; lastKnownFileType = wrapper.framework; name = UIKit.framework; path = System/Library/Frameworks/UIKit.framework; sourceTree = SDKROOT; };
		45C1A0EC17F4E7B4007FB884 /* BeaconScrach-Info.plist */ = {isa = PBXFileReference; lastKnownFileType = text.plist.xml; path = "BeaconScrach-Info.plist"; sourceTree = "<group>"; };
		45C1A0EE17F4E7B4007FB884 /* en */ = {isa = PBXFileReference; lastKnownFileType = text.plist.strings; name = en; path = en.lproj/InfoPlist.strings; sourceTree = "<group>"; };
		45C1A0F017F4E7B4007FB884 /* main.m */ = {isa = PBXFileReference; lastKnownFileType = sourcecode.c.objc; path = main.m; sourceTree = "<group>"; };
		45C1A0F217F4E7B4007FB884 /* BeaconScrach-Prefix.pch */ = {isa = PBXFileReference; lastKnownFileType = sourcecode.c.h; path = "BeaconScrach-Prefix.pch"; sourceTree = "<group>"; };
		45C1A0F317F4E7B4007FB884 /* BSAppDelegate.h */ = {isa = PBXFileReference; lastKnownFileType = sourcecode.c.h; path = BSAppDelegate.h; sourceTree = "<group>"; };
		45C1A0F417F4E7B4007FB884 /* BSAppDelegate.m */ = {isa = PBXFileReference; lastKnownFileType = sourcecode.c.objc; path = BSAppDelegate.m; sourceTree = "<group>"; };
		45C1A0F717F4E7B4007FB884 /* Base */ = {isa = PBXFileReference; lastKnownFileType = file.storyboard; name = Base; path = Base.lproj/Main.storyboard; sourceTree = "<group>"; };
		45C1A0F917F4E7B4007FB884 /* BSViewController.h */ = {isa = PBXFileReference; lastKnownFileType = sourcecode.c.h; path = BSViewController.h; sourceTree = "<group>"; };
		45C1A0FA17F4E7B4007FB884 /* BSViewController.m */ = {isa = PBXFileReference; lastKnownFileType = sourcecode.c.objc; path = BSViewController.m; sourceTree = "<group>"; };
		45C1A0FC17F4E7B4007FB884 /* Images.xcassets */ = {isa = PBXFileReference; lastKnownFileType = folder.assetcatalog; path = Images.xcassets; sourceTree = "<group>"; };
		45C1A10217F4E7B4007FB884 /* BeaconScrachTests.xctest */ = {isa = PBXFileReference; explicitFileType = wrapper.cfbundle; includeInIndex = 0; path = BeaconScrachTests.xctest; sourceTree = BUILT_PRODUCTS_DIR; };
		45C1A10317F4E7B4007FB884 /* XCTest.framework */ = {isa = PBXFileReference; lastKnownFileType = wrapper.framework; name = XCTest.framework; path = Library/Frameworks/XCTest.framework; sourceTree = DEVELOPER_DIR; };
		45C1A10B17F4E7B4007FB884 /* BeaconScrachTests-Info.plist */ = {isa = PBXFileReference; lastKnownFileType = text.plist.xml; path = "BeaconScrachTests-Info.plist"; sourceTree = "<group>"; };
		45C1A10D17F4E7B4007FB884 /* en */ = {isa = PBXFileReference; lastKnownFileType = text.plist.strings; name = en; path = en.lproj/InfoPlist.strings; sourceTree = "<group>"; };
		45C1A10F17F4E7B4007FB884 /* BeaconScrachTests.m */ = {isa = PBXFileReference; lastKnownFileType = sourcecode.c.objc; path = BeaconScrachTests.m; sourceTree = "<group>"; };
		45C1A11917F4EA52007FB884 /* CoreLocation.framework */ = {isa = PBXFileReference; lastKnownFileType = wrapper.framework; name = CoreLocation.framework; path = System/Library/Frameworks/CoreLocation.framework; sourceTree = SDKROOT; };
/* End PBXFileReference section */

/* Begin PBXFrameworksBuildPhase section */
		45C1A0DE17F4E7B4007FB884 /* Frameworks */ = {
			isa = PBXFrameworksBuildPhase;
			buildActionMask = 2147483647;
			files = (
				45C1A11A17F4EA52007FB884 /* CoreLocation.framework in Frameworks */,
				45C1A0E717F4E7B4007FB884 /* CoreGraphics.framework in Frameworks */,
				45C1A0E917F4E7B4007FB884 /* UIKit.framework in Frameworks */,
				45C1A0E517F4E7B4007FB884 /* Foundation.framework in Frameworks */,
			);
			runOnlyForDeploymentPostprocessing = 0;
		};
		45C1A0FF17F4E7B4007FB884 /* Frameworks */ = {
			isa = PBXFrameworksBuildPhase;
			buildActionMask = 2147483647;
			files = (
				45C1A10417F4E7B4007FB884 /* XCTest.framework in Frameworks */,
				45C1A10617F4E7B4007FB884 /* UIKit.framework in Frameworks */,
				45C1A10517F4E7B4007FB884 /* Foundation.framework in Frameworks */,
			);
			runOnlyForDeploymentPostprocessing = 0;
		};
/* End PBXFrameworksBuildPhase section */

/* Begin PBXGroup section */
		45C1A0D817F4E7B4007FB884 = {
			isa = PBXGroup;
			children = (
				45C1A0EA17F4E7B4007FB884 /* BeaconScrach */,
				45C1A10917F4E7B4007FB884 /* BeaconScrachTests */,
				45C1A0E317F4E7B4007FB884 /* Frameworks */,
				45C1A0E217F4E7B4007FB884 /* Products */,
			);
			sourceTree = "<group>";
		};
		45C1A0E217F4E7B4007FB884 /* Products */ = {
			isa = PBXGroup;
			children = (
				45C1A0E117F4E7B4007FB884 /* BeaconScrach.app */,
				45C1A10217F4E7B4007FB884 /* BeaconScrachTests.xctest */,
			);
			name = Products;
			sourceTree = "<group>";
		};
		45C1A0E317F4E7B4007FB884 /* Frameworks */ = {
			isa = PBXGroup;
			children = (
				45C1A11917F4EA52007FB884 /* CoreLocation.framework */,
				45C1A0E417F4E7B4007FB884 /* Foundation.framework */,
				45C1A0E617F4E7B4007FB884 /* CoreGraphics.framework */,
				45C1A0E817F4E7B4007FB884 /* UIKit.framework */,
				45C1A10317F4E7B4007FB884 /* XCTest.framework */,
			);
			name = Frameworks;
			sourceTree = "<group>";
		};
		45C1A0EA17F4E7B4007FB884 /* BeaconScrach */ = {
			isa = PBXGroup;
			children = (
				45C1A0F317F4E7B4007FB884 /* BSAppDelegate.h */,
				45C1A0F417F4E7B4007FB884 /* BSAppDelegate.m */,
				45C1A0F617F4E7B4007FB884 /* Main.storyboard */,
				45C1A0F917F4E7B4007FB884 /* BSViewController.h */,
				45C1A0FA17F4E7B4007FB884 /* BSViewController.m */,
				45C1A0FC17F4E7B4007FB884 /* Images.xcassets */,
				45C1A0EB17F4E7B4007FB884 /* Supporting Files */,
			);
			path = BeaconScrach;
			sourceTree = "<group>";
		};
		45C1A0EB17F4E7B4007FB884 /* Supporting Files */ = {
			isa = PBXGroup;
			children = (
				45C1A0EC17F4E7B4007FB884 /* BeaconScrach-Info.plist */,
				45C1A0ED17F4E7B4007FB884 /* InfoPlist.strings */,
				45C1A0F017F4E7B4007FB884 /* main.m */,
				45C1A0F217F4E7B4007FB884 /* BeaconScrach-Prefix.pch */,
			);
			name = "Supporting Files";
			sourceTree = "<group>";
		};
		45C1A10917F4E7B4007FB884 /* BeaconScrachTests */ = {
			isa = PBXGroup;
			children = (
				45C1A10F17F4E7B4007FB884 /* BeaconScrachTests.m */,
				45C1A10A17F4E7B4007FB884 /* Supporting Files */,
			);
			path = BeaconScrachTests;
			sourceTree = "<group>";
		};
		45C1A10A17F4E7B4007FB884 /* Supporting Files */ = {
			isa = PBXGroup;
			children = (
				45C1A10B17F4E7B4007FB884 /* BeaconScrachTests-Info.plist */,
				45C1A10C17F4E7B4007FB884 /* InfoPlist.strings */,
			);
			name = "Supporting Files";
			sourceTree = "<group>";
		};
/* End PBXGroup section */

/* Begin PBXNativeTarget section */
		45C1A0E017F4E7B4007FB884 /* BeaconScrach */ = {
			isa = PBXNativeTarget;
			buildConfigurationList = 45C1A11317F4E7B4007FB884 /* Build configuration list for PBXNativeTarget "BeaconScrach" */;
			buildPhases = (
				45C1A0DD17F4E7B4007FB884 /* Sources */,
				45C1A0DE17F4E7B4007FB884 /* Frameworks */,
				45C1A0DF17F4E7B4007FB884 /* Resources */,
			);
			buildRules = (
			);
			dependencies = (
			);
			name = BeaconScrach;
			productName = BeaconScrach;
			productReference = 45C1A0E117F4E7B4007FB884 /* BeaconScrach.app */;
			productType = "com.apple.product-type.application";
		};
		45C1A10117F4E7B4007FB884 /* BeaconScrachTests */ = {
			isa = PBXNativeTarget;
			buildConfigurationList = 45C1A11617F4E7B4007FB884 /* Build configuration list for PBXNativeTarget "BeaconScrachTests" */;
			buildPhases = (
				45C1A0FE17F4E7B4007FB884 /* Sources */,
				45C1A0FF17F4E7B4007FB884 /* Frameworks */,
				45C1A10017F4E7B4007FB884 /* Resources */,
			);
			buildRules = (
			);
			dependencies = (
				45C1A10817F4E7B4007FB884 /* PBXTargetDependency */,
			);
			name = BeaconScrachTests;
			productName = BeaconScrachTests;
			productReference = 45C1A10217F4E7B4007FB884 /* BeaconScrachTests.xctest */;
			productType = "com.apple.product-type.bundle.unit-test";
		};
/* End PBXNativeTarget section */

/* Begin PBXProject section */
		45C1A0D917F4E7B4007FB884 /* Project object */ = {
			isa = PBXProject;
			attributes = {
				CLASSPREFIX = BS;
				LastUpgradeCheck = 0500;
				ORGANIZATIONNAME = Facebook;
				TargetAttributes = {
					45C1A10117F4E7B4007FB884 = {
						TestTargetID = 45C1A0E017F4E7B4007FB884;
					};
				};
			};
			buildConfigurationList = 45C1A0DC17F4E7B4007FB884 /* Build configuration list for PBXProject "BeaconScrach" */;
			compatibilityVersion = "Xcode 3.2";
			developmentRegion = English;
			hasScannedForEncodings = 0;
			knownRegions = (
				en,
				Base,
			);
			mainGroup = 45C1A0D817F4E7B4007FB884;
			productRefGroup = 45C1A0E217F4E7B4007FB884 /* Products */;
			projectDirPath = "";
			projectRoot = "";
			targets = (
				45C1A0E017F4E7B4007FB884 /* BeaconScrach */,
				45C1A10117F4E7B4007FB884 /* BeaconScrachTests */,
			);
		};
/* End PBXProject section */

/* Begin PBXResourcesBuildPhase section */
		45C1A0DF17F4E7B4007FB884 /* Resources */ = {
			isa = PBXResourcesBuildPhase;
			buildActionMask = 2147483647;
			files = (
				45C1A0FD17F4E7B4007FB884 /* Images.xcassets in Resources */,
				45C1A0EF17F4E7B4007FB884 /* InfoPlist.strings in Resources */,
				45C1A0F817F4E7B4007FB884 /* Main.storyboard in Resources */,
			);
			runOnlyForDeploymentPostprocessing = 0;
		};
		45C1A10017F4E7B4007FB884 /* Resources */ = {
			isa = PBXResourcesBuildPhase;
			buildActionMask = 2147483647;
			files = (
				45C1A10E17F4E7B4007FB884 /* InfoPlist.strings in Resources */,
			);
			runOnlyForDeploymentPostprocessing = 0;
		};
/* End PBXResourcesBuildPhase section */

/* Begin PBXSourcesBuildPhase section */
		45C1A0DD17F4E7B4007FB884 /* Sources */ = {
			isa = PBXSourcesBuildPhase;
			buildActionMask = 2147483647;
			files = (
				45C1A0FB17F4E7B4007FB884 /* BSViewController.m in Sources */,
				45C1A0F117F4E7B4007FB884 /* main.m in Sources */,
				45C1A0F517F4E7B4007FB884 /* BSAppDelegate.m in Sources */,
			);
			runOnlyForDeploymentPostprocessing = 0;
		};
		45C1A0FE17F4E7B4007FB884 /* Sources */ = {
			isa = PBXSourcesBuildPhase;
			buildActionMask = 2147483647;
			files = (
				45C1A11017F4E7B4007FB884 /* BeaconScrachTests.m in Sources */,
			);
			runOnlyForDeploymentPostprocessing = 0;
		};
/* End PBXSourcesBuildPhase section */

/* Begin PBXTargetDependency section */
		45C1A10817F4E7B4007FB884 /* PBXTargetDependency */ = {
			isa = PBXTargetDependency;
			target = 45C1A0E017F4E7B4007FB884 /* BeaconScrach */;
			targetProxy = 45C1A10717F4E7B4007FB884 /* PBXContainerItemProxy */;
		};
/* End PBXTargetDependency section */

/* Begin PBXVariantGroup section */
		45C1A0ED17F4E7B4007FB884 /* InfoPlist.strings */ = {
			isa = PBXVariantGroup;
			children = (
				45C1A0EE17F4E7B4007FB884 /* en */,
			);
			name = InfoPlist.strings;
			sourceTree = "<group>";
		};
		45C1A0F617F4E7B4007FB884 /* Main.storyboard */ = {
			isa = PBXVariantGroup;
			children = (
				45C1A0F717F4E7B4007FB884 /* Base */,
			);
			name = Main.storyboard;
			sourceTree = "<group>";
		};
		45C1A10C17F4E7B4007FB884 /* InfoPlist.strings */ = {
			isa = PBXVariantGroup;
			children = (
				45C1A10D17F4E7B4007FB884 /* en */,
			);
			name = InfoPlist.strings;
			sourceTree = "<group>";
		};
/* End PBXVariantGroup section */

/* Begin XCBuildConfiguration section */
		45C1A11117F4E7B4007FB884 /* Debug */ = {
			isa = XCBuildConfiguration;
			buildSettings = {
				ALWAYS_SEARCH_USER_PATHS = NO;
				ARCHS = "$(ARCHS_STANDARD_INCLUDING_64_BIT)";
				CLANG_CXX_LANGUAGE_STANDARD = "gnu++0x";
				CLANG_CXX_LIBRARY = "libc++";
				CLANG_ENABLE_MODULES = YES;
				CLANG_ENABLE_OBJC_ARC = YES;
				CLANG_WARN_BOOL_CONVERSION = YES;
				CLANG_WARN_CONSTANT_CONVERSION = YES;
				CLANG_WARN_DIRECT_OBJC_ISA_USAGE = YES_ERROR;
				CLANG_WARN_EMPTY_BODY = YES;
				CLANG_WARN_ENUM_CONVERSION = YES;
				CLANG_WARN_INT_CONVERSION = YES;
				CLANG_WARN_OBJC_ROOT_CLASS = YES_ERROR;
				CLANG_WARN__DUPLICATE_METHOD_MATCH = YES;
				"CODE_SIGN_IDENTITY[sdk=iphoneos*]" = "iPhone Developer";
				COPY_PHASE_STRIP = NO;
				GCC_C_LANGUAGE_STANDARD = gnu99;
				GCC_DYNAMIC_NO_PIC = NO;
				GCC_OPTIMIZATION_LEVEL = 0;
				GCC_PREPROCESSOR_DEFINITIONS = (
					"DEBUG=1",
					"$(inherited)",
				);
				GCC_SYMBOLS_PRIVATE_EXTERN = NO;
				GCC_WARN_64_TO_32_BIT_CONVERSION = YES;
				GCC_WARN_ABOUT_RETURN_TYPE = YES_ERROR;
				GCC_WARN_UNDECLARED_SELECTOR = YES;
				GCC_WARN_UNINITIALIZED_AUTOS = YES;
				GCC_WARN_UNUSED_FUNCTION = YES;
				GCC_WARN_UNUSED_VARIABLE = YES;
				IPHONEOS_DEPLOYMENT_TARGET = 7.0;
				ONLY_ACTIVE_ARCH = YES;
				SDKROOT = iphoneos;
			};
			name = Debug;
		};
		45C1A11217F4E7B4007FB884 /* Release */ = {
			isa = XCBuildConfiguration;
			buildSettings = {
				ALWAYS_SEARCH_USER_PATHS = NO;
				ARCHS = "$(ARCHS_STANDARD_INCLUDING_64_BIT)";
				CLANG_CXX_LANGUAGE_STANDARD = "gnu++0x";
				CLANG_CXX_LIBRARY = "libc++";
				CLANG_ENABLE_MODULES = YES;
				CLANG_ENABLE_OBJC_ARC = YES;
				CLANG_WARN_BOOL_CONVERSION = YES;
				CLANG_WARN_CONSTANT_CONVERSION = YES;
				CLANG_WARN_DIRECT_OBJC_ISA_USAGE = YES_ERROR;
				CLANG_WARN_EMPTY_BODY = YES;
				CLANG_WARN_ENUM_CONVERSION = YES;
				CLANG_WARN_INT_CONVERSION = YES;
				CLANG_WARN_OBJC_ROOT_CLASS = YES_ERROR;
				CLANG_WARN__DUPLICATE_METHOD_MATCH = YES;
				"CODE_SIGN_IDENTITY[sdk=iphoneos*]" = "iPhone Developer";
				COPY_PHASE_STRIP = YES;
				ENABLE_NS_ASSERTIONS = NO;
				GCC_C_LANGUAGE_STANDARD = gnu99;
				GCC_WARN_64_TO_32_BIT_CONVERSION = YES;
				GCC_WARN_ABOUT_RETURN_TYPE = YES_ERROR;
				GCC_WARN_UNDECLARED_SELECTOR = YES;
				GCC_WARN_UNINITIALIZED_AUTOS = YES;
				GCC_WARN_UNUSED_FUNCTION = YES;
				GCC_WARN_UNUSED_VARIABLE = YES;
				IPHONEOS_DEPLOYMENT_TARGET = 7.0;
				SDKROOT = iphoneos;
				VALIDATE_PRODUCT = YES;
			};
			name = Release;
		};
		45C1A11417F4E7B4007FB884 /* Debug */ = {
			isa = XCBuildConfiguration;
			buildSettings = {
				ASSETCATALOG_COMPILER_APPICON_NAME = AppIcon;
				ASSETCATALOG_COMPILER_LAUNCHIMAGE_NAME = LaunchImage;
				GCC_PRECOMPILE_PREFIX_HEADER = YES;
				GCC_PREFIX_HEADER = "BeaconScrach/BeaconScrach-Prefix.pch";
				INFOPLIST_FILE = "BeaconScrach/BeaconScrach-Info.plist";
				PRODUCT_NAME = "$(TARGET_NAME)";
				WRAPPER_EXTENSION = app;
			};
			name = Debug;
		};
		45C1A11517F4E7B4007FB884 /* Release */ = {
			isa = XCBuildConfiguration;
			buildSettings = {
				ASSETCATALOG_COMPILER_APPICON_NAME = AppIcon;
				ASSETCATALOG_COMPILER_LAUNCHIMAGE_NAME = LaunchImage;
				GCC_PRECOMPILE_PREFIX_HEADER = YES;
				GCC_PREFIX_HEADER = "BeaconScrach/BeaconScrach-Prefix.pch";
				INFOPLIST_FILE = "BeaconScrach/BeaconScrach-Info.plist";
				PRODUCT_NAME = "$(TARGET_NAME)";
				WRAPPER_EXTENSION = app;
			};
			name = Release;
		};
		45C1A11717F4E7B4007FB884 /* Debug */ = {
			isa = XCBuildConfiguration;
			buildSettings = {
				ARCHS = "$(ARCHS_STANDARD_INCLUDING_64_BIT)";
				BUNDLE_LOADER = "$(BUILT_PRODUCTS_DIR)/BeaconScrach.app/BeaconScrach";
				FRAMEWORK_SEARCH_PATHS = (
					"$(SDKROOT)/Developer/Library/Frameworks",
					"$(inherited)",
					"$(DEVELOPER_FRAMEWORKS_DIR)",
				);
				GCC_PRECOMPILE_PREFIX_HEADER = YES;
				GCC_PREFIX_HEADER = "BeaconScrach/BeaconScrach-Prefix.pch";
				GCC_PREPROCESSOR_DEFINITIONS = (
					"DEBUG=1",
					"$(inherited)",
				);
				INFOPLIST_FILE = "BeaconScrachTests/BeaconScrachTests-Info.plist";
				PRODUCT_NAME = "$(TARGET_NAME)";
				TEST_HOST = "$(BUNDLE_LOADER)";
				WRAPPER_EXTENSION = xctest;
			};
			name = Debug;
		};
		45C1A11817F4E7B4007FB884 /* Release */ = {
			isa = XCBuildConfiguration;
			buildSettings = {
				ARCHS = "$(ARCHS_STANDARD_INCLUDING_64_BIT)";
				BUNDLE_LOADER = "$(BUILT_PRODUCTS_DIR)/BeaconScrach.app/BeaconScrach";
				FRAMEWORK_SEARCH_PATHS = (
					"$(SDKROOT)/Developer/Library/Frameworks",
					"$(inherited)",
					"$(DEVELOPER_FRAMEWORKS_DIR)",
				);
				GCC_PRECOMPILE_PREFIX_HEADER = YES;
				GCC_PREFIX_HEADER = "BeaconScrach/BeaconScrach-Prefix.pch";
				INFOPLIST_FILE = "BeaconScrachTests/BeaconScrachTests-Info.plist";
				PRODUCT_NAME = "$(TARGET_NAME)";
				TEST_HOST = "$(BUNDLE_LOADER)";
				WRAPPER_EXTENSION = xctest;
			};
			name = Release;
		};
/* End XCBuildConfiguration section */

/* Begin XCConfigurationList section */
		45C1A0DC17F4E7B4007FB884 /* Build configuration list for PBXProject "BeaconScrach" */ = {
			isa = XCConfigurationList;
			buildConfigurations = (
				45C1A11117F4E7B4007FB884 /* Debug */,
				45C1A11217F4E7B4007FB884 /* Release */,
			);
			defaultConfigurationIsVisible = 0;
			defaultConfigurationName = Release;
		};
		45C1A11317F4E7B4007FB884 /* Build configuration list for PBXNativeTarget "BeaconScrach" */ = {
			isa = XCConfigurationList;
			buildConfigurations = (
				45C1A11417F4E7B4007FB884 /* Debug */,
				45C1A11517F4E7B4007FB884 /* Release */,
			);
			defaultConfigurationIsVisible = 0;
			defaultConfigurationName = Release;
		};
		45C1A11617F4E7B4007FB884 /* Build configuration list for PBXNativeTarget "BeaconScrachTests" */ = {
			isa = XCConfigurationList;
			buildConfigurations = (
				45C1A11717F4E7B4007FB884 /* Debug */,
				45C1A11817F4E7B4007FB884 /* Release */,
			);
			defaultConfigurationIsVisible = 0;
			defaultConfigurationName = Release;
		};
/* End XCConfigurationList section */
	};
	rootObject = 45C1A0D917F4E7B4007FB884 /* Project object */;
}
