<?xml version="1.0" encoding="UTF-8"?>
<Scheme
   LastUpgradeVersion = "0700"
   version = "2.0">
   <BuildAction
      parallelizeBuildables = "YES"
      buildImplicitDependencies = "YES">
      <BuildActionEntries>
         <BuildActionEntry
            buildForTesting = "YES"
            buildForRunning = "YES"
            buildForProfiling = "YES"
            buildForArchiving = "YES"
            buildForAnalyzing = "YES">
            <BuildableReference
               BuildableIdentifier = "primary"
               BlueprintIdentifier = "457157581B2781F40026785F"
               BuildableName = "MyFirstWatchApp WatchKit App.app"
               BlueprintName = "MyFirstWatchApp WatchKit App"
               ReferencedContainer = "container:MyFirstWatchApp.xcodeproj">
            </BuildableReference>
         </BuildActionEntry>
         <BuildActionEntry
            buildForTesting = "YES"
            buildForRunning = "YES"
            buildForProfiling = "YES"
            buildForArchiving = "YES"
            buildForAnalyzing = "YES">
            <BuildableReference
               BuildableIdentifier = "primary"
               BlueprintIdentifier = "4571572B1B2781F40026785F"
               BuildableName = "MyFirstWatchApp.app"
               BlueprintName = "MyFirstWatchApp"
               ReferencedContainer = "container:MyFirstWatchApp.xcodeproj">
            </BuildableReference>
         </BuildActionEntry>
         <BuildActionEntry
            buildForTesting = "YES"
            buildForRunning = "YES"
            buildForProfiling = "YES"
            buildForArchiving = "YES"
            buildForAnalyzing = "YES">
            <BuildableReference
               BuildableIdentifier = "primary"
               BlueprintIdentifier = "457157671B2781F40026785F"
               BuildableName = "MyFirstWatchApp WatchKit Extension.appex"
               BlueprintName = "MyFirstWatchApp WatchKit Extension"
               ReferencedContainer = "container:MyFirstWatchApp.xcodeproj">
            </BuildableReference>
         </BuildActionEntry>
      </BuildActionEntries>
   </BuildAction>
   <TestAction
      selectedDebuggerIdentifier = "Xcode.DebuggerFoundation.Debugger.LLDB"
      selectedLauncherIdentifier = "Xcode.DebuggerFoundation.Launcher.LLDB"
      shouldUseLaunchSchemeArgsEnv = "YES"
      buildConfiguration = "Debug">
      <Testables>
      </Testables>
      <MacroExpansion>
         <BuildableReference
            BuildableIdentifier = "primary"
            BlueprintIdentifier = "457157581B2781F40026785F"
            BuildableName = "MyFirstWatchApp WatchKit App.app"
            BlueprintName = "MyFirstWatchApp WatchKit App"
            ReferencedContainer = "container:MyFirstWatchApp.xcodeproj">
         </BuildableReference>
      </MacroExpansion>
      <AdditionalOptions>
      </AdditionalOptions>
   </TestAction>
   <LaunchAction
      selectedDebuggerIdentifier = "Xcode.DebuggerFoundation.Debugger.LLDB"
      selectedLauncherIdentifier = "Xcode.DebuggerFoundation.Launcher.LLDB"
      launchStyle = "0"
      useCustomWorkingDirectory = "NO"
      buildConfiguration = "Debug"
      ignoresPersistentStateOnLaunch = "NO"
      debugDocumentVersioning = "YES"
      debugServiceExtension = "internal"
      allowLocationSimulation = "YES"
      launchAutomaticallySubstyle = "4"
      notificationPayloadFile = "MyFirstWatchApp WatchKit Extension/PushNotificationPayload.apns">
      <RemoteRunnable
         runnableDebuggingMode = "2"
         BundleIdentifier = "com.apple.carousel"
         RemotePath = "/MyFirstWatchApp WatchKit App">
         <BuildableReference
            BuildableIdentifier = "primary"
            BlueprintIdentifier = "457157581B2781F40026785F"
            BuildableName = "MyFirstWatchApp WatchKit App.app"
            BlueprintName = "MyFirstWatchApp WatchKit App"
            ReferencedContainer = "container:MyFirstWatchApp.xcodeproj">
         </BuildableReference>
      </RemoteRunnable>
      <MacroExpansion>
         <BuildableReference
            BuildableIdentifier = "primary"
            BlueprintIdentifier = "457157581B2781F40026785F"
            BuildableName = "MyFirstWatchApp WatchKit App.app"
            BlueprintName = "MyFirstWatchApp WatchKit App"
            ReferencedContainer = "container:MyFirstWatchApp.xcodeproj">
         </BuildableReference>
      </MacroExpansion>
      <AdditionalOptions>
      </AdditionalOptions>
   </LaunchAction>
   <ProfileAction
      shouldUseLaunchSchemeArgsEnv = "YES"
      savedToolIdentifier = ""
      useCustomWorkingDirectory = "NO"
      buildConfiguration = "Release"
      debugDocumentVersioning = "YES"
      launchAutomaticallySubstyle = "4"
      notificationPayloadFile = "MyFirstWatchApp WatchKit Extension/PushNotificationPayload.apns">
      <RemoteRunnable
         runnableDebuggingMode = "2"
         BundleIdentifier = "com.apple.carousel"
         RemotePath = "/MyFirstWatchApp WatchKit App">
         <BuildableReference
            BuildableIdentifier = "primary"
            BlueprintIdentifier = "457157581B2781F40026785F"
            BuildableName = "MyFirstWatchApp WatchKit App.app"
            BlueprintName = "MyFirstWatchApp WatchKit App"
            ReferencedContainer = "container:MyFirstWatchApp.xcodeproj">
         </BuildableReference>
      </RemoteRunnable>
      <MacroExpansion>
         <BuildableReference
            BuildableIdentifier = "primary"
            BlueprintIdentifier = "457157581B2781F40026785F"
            BuildableName = "MyFirstWatchApp WatchKit App.app"
            BlueprintName = "MyFirstWatchApp WatchKit App"
            ReferencedContainer = "container:MyFirstWatchApp.xcodeproj">
         </BuildableReference>
      </MacroExpansion>
   </ProfileAction>
   <AnalyzeAction
      buildConfiguration = "Debug">
   </AnalyzeAction>
   <ArchiveAction
      buildConfiguration = "Release"
      revealArchiveInOrganizer = "YES">
   </ArchiveAction>
</Scheme>
